
Microsoft Visual Studio Solution File, Format Version 12.00
# Visual Studio Version 17
VisualStudioVersion = 17.8.34525.116
MinimumVisualStudioVersion = 10.0.40219.1
Project("{FAE04EC0-301F-11D3-BF4B-00C04F79EFBC}") = "Messwala_Web_API", "Messwala_Web_API\Messwala_Web_API.csproj", "{573ED0CF-8D6E-4421-85E0-0F074B0E312C}"
EndProject
Global
	GlobalSection(SolutionConfigurationPlatforms) = preSolution
		Debug|Any CPU = Debug|Any CPU
		Release|Any CPU = Release|Any CPU
	EndGlobalSection
	GlobalSection(ProjectConfigurationPlatforms) = postSolution
		{573ED0CF-8D6E-4421-85E0-0F074B0E312C}.Debug|Any CPU.ActiveCfg = Debug|Any CPU
		{573ED0CF-8D6E-4421-85E0-0F074B0E312C}.Debug|Any CPU.Build.0 = Debug|Any CPU
		{573ED0CF-8D6E-4421-85E0-0F074B0E312C}.Release|Any CPU.ActiveCfg = Release|Any CPU
		{573ED0CF-8D6E-4421-85E0-0F074B0E312C}.Release|Any CPU.Build.0 = Release|Any CPU
	EndGlobalSection
	GlobalSection(SolutionProperties) = preSolution
		HideSolutionNode = FALSE
	EndGlobalSection
	GlobalSection(ExtensibilityGlobals) = postSolution
		SolutionGuid = {1BF06565-7793-438E-8637-4FD82DDC5BA1}
	EndGlobalSection
EndGlobal
